
Microsoft Visual Studio Solution File, Format Version 12.00
# Visual Studio Version 16
VisualStudioVersion = 16.0.29025.244
MinimumVisualStudioVersion = 10.0.40219.1
Project("{9A19103F-16F7-4668-BE54-9A1E7A4F7556}") = "OurTrace.App", "OurTrace.App\OurTrace.App.csproj", "{B45A94AA-22F1-492E-87AA-81C7983FE7DD}"
EndProject
Project("{9A19103F-16F7-4668-BE54-9A1E7A4F7556}") = "OurTrace.Data", "OurTrace.Data\OurTrace.Data.csproj", "{AFA21170-B482-4062-A211-040CFEA1DB49}"
EndProject
Project("{9A19103F-16F7-4668-BE54-9A1E7A4F7556}") = "OurTrace.Services", "OurTrace.Services\OurTrace.Services.csproj", "{8D17CA4B-0BC8-44B6-9EC5-1CB2BAFD546C}"
EndProject
Project("{FAE04EC0-301F-11D3-BF4B-00C04F79EFBC}") = "OurTrace.App.Models", "OurTrace.App.Models\OurTrace.App.Models.csproj", "{0C541F5B-C353-43FA-B222-C468636AFF04}"
EndProject
Global
	GlobalSection(SolutionConfigurationPlatforms) = preSolution
		Debug|Any CPU = Debug|Any CPU
		Release|Any CPU = Release|Any CPU
	EndGlobalSection
	GlobalSection(ProjectConfigurationPlatforms) = postSolution
		{B45A94AA-22F1-492E-87AA-81C7983FE7DD}.Debug|Any CPU.ActiveCfg = Debug|Any CPU
		{B45A94AA-22F1-492E-87AA-81C7983FE7DD}.Debug|Any CPU.Build.0 = Debug|Any CPU
		{B45A94AA-22F1-492E-87AA-81C7983FE7DD}.Release|Any CPU.ActiveCfg = Release|Any CPU
		{B45A94AA-22F1-492E-87AA-81C7983FE7DD}.Release|Any CPU.Build.0 = Release|Any CPU
		{AFA21170-B482-4062-A211-040CFEA1DB49}.Debug|Any CPU.ActiveCfg = Debug|Any CPU
		{AFA21170-B482-4062-A211-040CFEA1DB49}.Debug|Any CPU.Build.0 = Debug|Any CPU
		{AFA21170-B482-4062-A211-040CFEA1DB49}.Release|Any CPU.ActiveCfg = Release|Any CPU
		{AFA21170-B482-4062-A211-040CFEA1DB49}.Release|Any CPU.Build.0 = Release|Any CPU
		{8D17CA4B-0BC8-44B6-9EC5-1CB2BAFD546C}.Debug|Any CPU.ActiveCfg = Debug|Any CPU
		{8D17CA4B-0BC8-44B6-9EC5-1CB2BAFD546C}.Debug|Any CPU.Build.0 = Debug|Any CPU
		{8D17CA4B-0BC8-44B6-9EC5-1CB2BAFD546C}.Release|Any CPU.ActiveCfg = Release|Any CPU
		{8D17CA4B-0BC8-44B6-9EC5-1CB2BAFD546C}.Release|Any CPU.Build.0 = Release|Any CPU
		{0C541F5B-C353-43FA-B222-C468636AFF04}.Debug|Any CPU.ActiveCfg = Debug|Any CPU
		{0C541F5B-C353-43FA-B222-C468636AFF04}.Debug|Any CPU.Build.0 = Debug|Any CPU
		{0C541F5B-C353-43FA-B222-C468636AFF04}.Release|Any CPU.ActiveCfg = Release|Any CPU
		{0C541F5B-C353-43FA-B222-C468636AFF04}.Release|Any CPU.Build.0 = Release|Any CPU
	EndGlobalSection
	GlobalSection(SolutionProperties) = preSolution
		HideSolutionNode = FALSE
	EndGlobalSection
	GlobalSection(ExtensibilityGlobals) = postSolution
		SolutionGuid = {552CD0A1-4A42-4FE2-B543-837F558A4C27}
	EndGlobalSection
EndGlobal
